
Microsoft Visual Studio Solution File, Format Version 12.00
# Visual Studio 14
VisualStudioVersion = 14.0.23107.0
MinimumVisualStudioVersion = 10.0.40219.1
Project("{FAE04EC0-301F-11D3-BF4B-00C04F79EFBC}") = "FireBook", "FireBook\FireBook.csproj", "{378D052D-80F0-4C88-B72D-A650A82D651B}"
EndProject
Project("{FAE04EC0-301F-11D3-BF4B-00C04F79EFBC}") = "FireSource", "FireSource\FireSource.csproj", "{4C6564F0-1C82-4AC9-BB6D-D04E9AEF2BA4}"
EndProject
Project("{FAE04EC0-301F-11D3-BF4B-00C04F79EFBC}") = "UnitTests", "UnitTests\UnitTests.csproj", "{9EFD7B8B-92D4-49A2-B8BF-BB9D9EFF5A44}"
EndProject
Global
	GlobalSection(SolutionConfigurationPlatforms) = preSolution
		Debug|Any CPU = Debug|Any CPU
		Release|Any CPU = Release|Any CPU
	EndGlobalSection
	GlobalSection(ProjectConfigurationPlatforms) = postSolution
		{378D052D-80F0-4C88-B72D-A650A82D651B}.Debug|Any CPU.ActiveCfg = Debug|Any CPU
		{378D052D-80F0-4C88-B72D-A650A82D651B}.Debug|Any CPU.Build.0 = Debug|Any CPU
		{378D052D-80F0-4C88-B72D-A650A82D651B}.Release|Any CPU.ActiveCfg = Release|Any CPU
		{378D052D-80F0-4C88-B72D-A650A82D651B}.Release|Any CPU.Build.0 = Release|Any CPU
		{4C6564F0-1C82-4AC9-BB6D-D04E9AEF2BA4}.Debug|Any CPU.ActiveCfg = Debug|Any CPU
		{4C6564F0-1C82-4AC9-BB6D-D04E9AEF2BA4}.Debug|Any CPU.Build.0 = Debug|Any CPU
		{4C6564F0-1C82-4AC9-BB6D-D04E9AEF2BA4}.Release|Any CPU.ActiveCfg = Release|Any CPU
		{4C6564F0-1C82-4AC9-BB6D-D04E9AEF2BA4}.Release|Any CPU.Build.0 = Release|Any CPU
		{9EFD7B8B-92D4-49A2-B8BF-BB9D9EFF5A44}.Debug|Any CPU.ActiveCfg = Debug|Any CPU
		{9EFD7B8B-92D4-49A2-B8BF-BB9D9EFF5A44}.Debug|Any CPU.Build.0 = Debug|Any CPU
		{9EFD7B8B-92D4-49A2-B8BF-BB9D9EFF5A44}.Release|Any CPU.ActiveCfg = Release|Any CPU
		{9EFD7B8B-92D4-49A2-B8BF-BB9D9EFF5A44}.Release|Any CPU.Build.0 = Release|Any CPU
	EndGlobalSection
	GlobalSection(SolutionProperties) = preSolution
		HideSolutionNode = FALSE
	EndGlobalSection
EndGlobal
